
Microsoft Visual Studio Solution File, Format Version 12.00
# Visual Studio Version 17
VisualStudioVersion = 17.11.35327.3
MinimumVisualStudioVersion = 10.0.40219.1
Project("{FAE04EC0-301F-11D3-BF4B-00C04F79EFBC}") = "SqlScriptChecker", "SqlScriptChecker\SqlScriptChecker.csproj", "{532405E0-5706-462F-BC7E-7E891E9810EE}"
EndProject
Global
	GlobalSection(SolutionConfigurationPlatforms) = preSolution
		Debug|Any CPU = Debug|Any CPU
		Release|Any CPU = Release|Any CPU
	EndGlobalSection
	GlobalSection(ProjectConfigurationPlatforms) = postSolution
		{532405E0-5706-462F-BC7E-7E891E9810EE}.Debug|Any CPU.ActiveCfg = Debug|Any CPU
		{532405E0-5706-462F-BC7E-7E891E9810EE}.Debug|Any CPU.Build.0 = Debug|Any CPU
		{532405E0-5706-462F-BC7E-7E891E9810EE}.Release|Any CPU.ActiveCfg = Release|Any CPU
		{532405E0-5706-462F-BC7E-7E891E9810EE}.Release|Any CPU.Build.0 = Release|Any CPU
	EndGlobalSection
	GlobalSection(SolutionProperties) = preSolution
		HideSolutionNode = FALSE
	EndGlobalSection
	GlobalSection(ExtensibilityGlobals) = postSolution
		SolutionGuid = {19B7D9C4-970E-42B5-B15B-722A32B9C0EE}
	EndGlobalSection
EndGlobal
